
Microsoft Visual Studio Solution File, Format Version 11.00
# Visual Studio 2010
Project("{FAE04EC0-301F-11D3-BF4B-00C04F79EFBC}") = "Fifa.Repositories", "Fifa.Repositories\Fifa.Repositories.csproj", "{B0ED9F00-8A76-436C-9617-EC6B79D765FE}"
EndProject
Project("{FAE04EC0-301F-11D3-BF4B-00C04F79EFBC}") = "Fifa.Models", "Fifa.Models\Fifa.Models.csproj", "{6F839319-57B7-4B0E-A72A-D420507B171F}"
EndProject
Project("{FAE04EC0-301F-11D3-BF4B-00C04F79EFBC}") = "Fifa.Core", "Fifa.Core\Fifa.Core.csproj", "{F5CF0C7C-2252-453A-A1E0-72FB3B006F9F}"
EndProject
Project("{FAE04EC0-301F-11D3-BF4B-00C04F79EFBC}") = "Fifa.WebUi", "Fifa.WebUi\Fifa.WebUi.csproj", "{7F37A3A5-0EAD-4CE4-A31D-6001D2E5FDBD}"
EndProject
Global
	GlobalSection(SolutionConfigurationPlatforms) = preSolution
		Debug|Any CPU = Debug|Any CPU
		Release|Any CPU = Release|Any CPU
	EndGlobalSection
	GlobalSection(ProjectConfigurationPlatforms) = postSolution
		{B0ED9F00-8A76-436C-9617-EC6B79D765FE}.Debug|Any CPU.ActiveCfg = Debug|Any CPU
		{B0ED9F00-8A76-436C-9617-EC6B79D765FE}.Debug|Any CPU.Build.0 = Debug|Any CPU
		{B0ED9F00-8A76-436C-9617-EC6B79D765FE}.Release|Any CPU.ActiveCfg = Release|Any CPU
		{B0ED9F00-8A76-436C-9617-EC6B79D765FE}.Release|Any CPU.Build.0 = Release|Any CPU
		{6F839319-57B7-4B0E-A72A-D420507B171F}.Debug|Any CPU.ActiveCfg = Debug|Any CPU
		{6F839319-57B7-4B0E-A72A-D420507B171F}.Debug|Any CPU.Build.0 = Debug|Any CPU
		{6F839319-57B7-4B0E-A72A-D420507B171F}.Release|Any CPU.ActiveCfg = Release|Any CPU
		{6F839319-57B7-4B0E-A72A-D420507B171F}.Release|Any CPU.Build.0 = Release|Any CPU
		{F5CF0C7C-2252-453A-A1E0-72FB3B006F9F}.Debug|Any CPU.ActiveCfg = Debug|Any CPU
		{F5CF0C7C-2252-453A-A1E0-72FB3B006F9F}.Debug|Any CPU.Build.0 = Debug|Any CPU
		{F5CF0C7C-2252-453A-A1E0-72FB3B006F9F}.Release|Any CPU.ActiveCfg = Release|Any CPU
		{F5CF0C7C-2252-453A-A1E0-72FB3B006F9F}.Release|Any CPU.Build.0 = Release|Any CPU
		{7F37A3A5-0EAD-4CE4-A31D-6001D2E5FDBD}.Debug|Any CPU.ActiveCfg = Debug|Any CPU
		{7F37A3A5-0EAD-4CE4-A31D-6001D2E5FDBD}.Debug|Any CPU.Build.0 = Debug|Any CPU
		{7F37A3A5-0EAD-4CE4-A31D-6001D2E5FDBD}.Release|Any CPU.ActiveCfg = Release|Any CPU
		{7F37A3A5-0EAD-4CE4-A31D-6001D2E5FDBD}.Release|Any CPU.Build.0 = Release|Any CPU
	EndGlobalSection
	GlobalSection(SolutionProperties) = preSolution
		HideSolutionNode = FALSE
	EndGlobalSection
EndGlobal
